
Microsoft Visual Studio Solution File, Format Version 12.00
# Visual Studio Version 17
VisualStudioVersion = 17.10.34916.146
MinimumVisualStudioVersion = 10.0.40219.1
Project("{2150E333-8FDC-42A3-9474-1A3956D46DE8}") = "Microservices", "Microservices", "{9D80CF75-1C4F-450A-B6E8-BADA586AB2D5}"
EndProject
Project("{2150E333-8FDC-42A3-9474-1A3956D46DE8}") = "ApiGateway", "ApiGateway", "{7DF82B58-5202-4ADD-82AD-8BC451E3EF12}"
EndProject
Project("{9A19103F-16F7-4668-BE54-9A1E7A4F7556}") = "ApiGateway", "ApiGateway\ApiGateway\ApiGateway.csproj", "{AC1CC025-17CB-4B10-A2AF-668C8496FBB2}"
EndProject
Project("{9A19103F-16F7-4668-BE54-9A1E7A4F7556}") = "AuthenticationManager", "AuthenticationManager\AuthenticationManager.csproj", "{9E2EF22C-990F-4A18-8105-7C63525155C1}"
EndProject
Project("{9A19103F-16F7-4668-BE54-9A1E7A4F7556}") = "AuthenticationWebApi", "AuthenticationWebApi\AuthenticationWebApi.csproj", "{1B6EC532-D198-4D5D-9C56-AB182974206E}"
EndProject
Project("{9A19103F-16F7-4668-BE54-9A1E7A4F7556}") = "WebStoreApi", "WebStoreApi\WebStoreApi.csproj", "{0DB31251-D5D6-4489-AFBB-BDE2FD83B792}"
EndProject
Project("{9A19103F-16F7-4668-BE54-9A1E7A4F7556}") = "Shared", "Shared\Shared.csproj", "{F5561E7F-DDD8-4151-BE37-EAECB2AB8B08}"
EndProject
Project("{E53339B2-1760-4266-BCC7-CA923CBCF16C}") = "docker-compose", "docker-compose.dcproj", "{ACBD77BC-58FF-496E-BB58-A5BA46AC4A0D}"
EndProject
Project("{9A19103F-16F7-4668-BE54-9A1E7A4F7556}") = "RabbitMQ", "RabbitMQ\RabbitMQ.csproj", "{2D93CF3D-EF76-4EF6-BADA-19C6E72F6622}"
EndProject
Project("{9A19103F-16F7-4668-BE54-9A1E7A4F7556}") = "RabbitMQReceiver", "RabbitMQReceiver\RabbitMQReceiver.csproj", "{26428DBB-312E-4E98-87A4-7DB460BF02AE}"
EndProject
Global
	GlobalSection(SolutionConfigurationPlatforms) = preSolution
		Debug|Any CPU = Debug|Any CPU
		Release|Any CPU = Release|Any CPU
	EndGlobalSection
	GlobalSection(ProjectConfigurationPlatforms) = postSolution
		{AC1CC025-17CB-4B10-A2AF-668C8496FBB2}.Debug|Any CPU.ActiveCfg = Debug|Any CPU
		{AC1CC025-17CB-4B10-A2AF-668C8496FBB2}.Debug|Any CPU.Build.0 = Debug|Any CPU
		{AC1CC025-17CB-4B10-A2AF-668C8496FBB2}.Release|Any CPU.ActiveCfg = Release|Any CPU
		{AC1CC025-17CB-4B10-A2AF-668C8496FBB2}.Release|Any CPU.Build.0 = Release|Any CPU
		{9E2EF22C-990F-4A18-8105-7C63525155C1}.Debug|Any CPU.ActiveCfg = Debug|Any CPU
		{9E2EF22C-990F-4A18-8105-7C63525155C1}.Debug|Any CPU.Build.0 = Debug|Any CPU
		{9E2EF22C-990F-4A18-8105-7C63525155C1}.Release|Any CPU.ActiveCfg = Release|Any CPU
		{9E2EF22C-990F-4A18-8105-7C63525155C1}.Release|Any CPU.Build.0 = Release|Any CPU
		{1B6EC532-D198-4D5D-9C56-AB182974206E}.Debug|Any CPU.ActiveCfg = Debug|Any CPU
		{1B6EC532-D198-4D5D-9C56-AB182974206E}.Debug|Any CPU.Build.0 = Debug|Any CPU
		{1B6EC532-D198-4D5D-9C56-AB182974206E}.Release|Any CPU.ActiveCfg = Release|Any CPU
		{1B6EC532-D198-4D5D-9C56-AB182974206E}.Release|Any CPU.Build.0 = Release|Any CPU
		{0DB31251-D5D6-4489-AFBB-BDE2FD83B792}.Debug|Any CPU.ActiveCfg = Debug|Any CPU
		{0DB31251-D5D6-4489-AFBB-BDE2FD83B792}.Debug|Any CPU.Build.0 = Debug|Any CPU
		{0DB31251-D5D6-4489-AFBB-BDE2FD83B792}.Release|Any CPU.ActiveCfg = Release|Any CPU
		{0DB31251-D5D6-4489-AFBB-BDE2FD83B792}.Release|Any CPU.Build.0 = Release|Any CPU
		{F5561E7F-DDD8-4151-BE37-EAECB2AB8B08}.Debug|Any CPU.ActiveCfg = Debug|Any CPU
		{F5561E7F-DDD8-4151-BE37-EAECB2AB8B08}.Debug|Any CPU.Build.0 = Debug|Any CPU
		{F5561E7F-DDD8-4151-BE37-EAECB2AB8B08}.Release|Any CPU.ActiveCfg = Release|Any CPU
		{F5561E7F-DDD8-4151-BE37-EAECB2AB8B08}.Release|Any CPU.Build.0 = Release|Any CPU
		{ACBD77BC-58FF-496E-BB58-A5BA46AC4A0D}.Debug|Any CPU.ActiveCfg = Debug|Any CPU
		{ACBD77BC-58FF-496E-BB58-A5BA46AC4A0D}.Debug|Any CPU.Build.0 = Debug|Any CPU
		{ACBD77BC-58FF-496E-BB58-A5BA46AC4A0D}.Release|Any CPU.ActiveCfg = Release|Any CPU
		{ACBD77BC-58FF-496E-BB58-A5BA46AC4A0D}.Release|Any CPU.Build.0 = Release|Any CPU
		{2D93CF3D-EF76-4EF6-BADA-19C6E72F6622}.Debug|Any CPU.ActiveCfg = Debug|Any CPU
		{2D93CF3D-EF76-4EF6-BADA-19C6E72F6622}.Debug|Any CPU.Build.0 = Debug|Any CPU
		{2D93CF3D-EF76-4EF6-BADA-19C6E72F6622}.Release|Any CPU.ActiveCfg = Release|Any CPU
		{2D93CF3D-EF76-4EF6-BADA-19C6E72F6622}.Release|Any CPU.Build.0 = Release|Any CPU
		{26428DBB-312E-4E98-87A4-7DB460BF02AE}.Debug|Any CPU.ActiveCfg = Debug|Any CPU
		{26428DBB-312E-4E98-87A4-7DB460BF02AE}.Debug|Any CPU.Build.0 = Debug|Any CPU
		{26428DBB-312E-4E98-87A4-7DB460BF02AE}.Release|Any CPU.ActiveCfg = Release|Any CPU
		{26428DBB-312E-4E98-87A4-7DB460BF02AE}.Release|Any CPU.Build.0 = Release|Any CPU
	EndGlobalSection
	GlobalSection(SolutionProperties) = preSolution
		HideSolutionNode = FALSE
	EndGlobalSection
	GlobalSection(NestedProjects) = preSolution
		{AC1CC025-17CB-4B10-A2AF-668C8496FBB2} = {7DF82B58-5202-4ADD-82AD-8BC451E3EF12}
		{1B6EC532-D198-4D5D-9C56-AB182974206E} = {9D80CF75-1C4F-450A-B6E8-BADA586AB2D5}
		{0DB31251-D5D6-4489-AFBB-BDE2FD83B792} = {9D80CF75-1C4F-450A-B6E8-BADA586AB2D5}
		{26428DBB-312E-4E98-87A4-7DB460BF02AE} = {9D80CF75-1C4F-450A-B6E8-BADA586AB2D5}
	EndGlobalSection
	GlobalSection(ExtensibilityGlobals) = postSolution
		SolutionGuid = {F82038CB-24ED-4942-B52B-EB7645EAA287}
	EndGlobalSection
EndGlobal
